{
    "05ff9ac8-6f35-46f8-a81b-ebc6ebf51821": {
        "name": "Lazarus Group COVID Phishing 3/24/2020",
        "category": "Custom",
        "platforms": [
            "win",
            "osx"
        ],
        "presence": [
            [
                {
                    "operator": "equal",
                    "token": "fileWriteEvent/md5",
                    "type": "md5",
                    "value": "5f09c5392de1e50eda88baa04ca4e170"
                }
            ],
            [
                {
                    "operator": "equal",
                    "token": "urlMonitorEvent/requestUrl",
                    "type": "text",
                    "value": "http://motivation.neighboring.site/01/index.php"
                }
            ],
            [
                {
                    "operator": "equal",
                    "token": "fileWriteEvent/md5",
                    "type": "md5",
                    "value": "fd648c3b7495abbe86b850587e2e5431"
                }
            ],
            [
                {
                    "operator": "equal",
                    "token": "fileWriteEvent/md5",
                    "type": "md5",
                    "value": "83d04f21515c7e6316f9cd0bb393a118"
                }
            ],
            [
                {
                    "operator": "equal",
                    "token": "dnsLookupEvent/hostname",
                    "type": "text",
                    "value": "motivation.neighboring.site"
                }
            ],
            [
                {
                    "operator": "equal",
                    "token": "fileWriteEvent/md5",
                    "type": "md5",
                    "value": "eefeb76d26338e09958aae5d81479178"
                }
            ],
            [
                {
                    "operator": "equal",
                    "token": "fileWriteEvent/fileName",
                    "type": "text",
                    "value": "oinfo12.ocx"
                }
            ],
            [
                {
                    "operator": "equal",
                    "token": "fileWriteEvent/md5",
                    "type": "md5",
                    "value": "371e896d818784934bd1456296b99cbe"
                }
            ],
            [
                {
                    "operator": "equal",
                    "token": "fileWriteEvent/md5",
                    "type": "md5",
                    "value": "37f78b1ad43959a788162f560bdc9c79"
                }
            ],
            [
                {
                    "operator": "equal",
                    "token": "ipv4NetworkEvent/remoteIP",
                    "type": "text",
                    "value": "69.172.75.223"
                },
                {
                    "operator": "equal",
                    "token": "ipv4NetworkEvent/remotePort",
                    "type": "integer",
                    "value": "80"
                }
            ],
            [
                {
                    "operator": "equal",
                    "token": "fileWriteEvent/md5",
                    "type": "md5",
                    "value": "21a51a834372ab11fba72fb865d6830e"
                }
            ],
            [
                {
                    "operator": "equal",
                    "token": "fileWriteEvent/fileName",
                    "type": "text",
                    "value": "msostyle.exe"
                }
            ],
            [
                {
                    "operator": "equal",
                    "token": "fileWriteEvent/fileName",
                    "type": "text",
                    "value": "20200308-sitrep-48-covid-19.pdf"
                }
            ]
        ]
    }
}