{
    "cd218d17-6d86-4fb9-bba0-aa69f65fe911": {
        "name": "Potential lsass dump via comsvcs.dll",
        "category": "Custom",
        "platforms": [
            "win"
        ],
        "presence": [
            [
                {
                    "operator": "contains",
                    "token": "processEvent/processCmdLine",
                    "type": "text",
                    "value": "c:\\windows\\system32\\comsvcs.dll minidump"
                }
            ],
            [
                {
                    "operator": "contains",
                    "token": "processEvent/processCmdLine",
                    "type": "text",
                    "value": "rundll32"
                },
                {
                    "operator": "contains",
                    "token": "processEvent/processCmdLine",
                    "type": "text",
                    "value": "comsvcs.dll minidump"
                }
            ]
        ]
    }
}