{
    "18094d3a-0281-4a65-b4ea-dce1bae2b52e": {
        "name": "Powershell Execution With \"-encodedarguments\" Parameter",
        "category": "Custom",
        "platforms": [
            "win"
        ],
        "execution": [
            [
                {
                    "operator": "matches",
                    "token": "processEvent/processCmdLine",
                    "type": "text",
                    "value": "(?=powershell).+encodedarguments|(?=powershell).+encodeda"
                }
            ]
        ],
        "presence": [
            [
                {
                    "operator": "contains",
                    "token": "processEvent/process",
                    "type": "text",
                    "value": "powershell"
                },
                {
                    "operator": "contains",
                    "token": "processEvent/processCmdLine",
                    "type": "text",
                    "value": "-encodeda"
                }
            ],
            [
                {
                    "operator": "matches",
                    "token": "processEvent/processCmdLine",
                    "type": "text",
                    "value": "powershell.+encodedarguments.+|powershell.+encodeda.+"
                }
            ],
            [
                {
                    "operator": "contains",
                    "token": "processEvent/process",
                    "type": "text",
                    "value": "powershell"
                },
                {
                    "operator": "contains",
                    "token": "processEvent/processCmdLine",
                    "type": "text",
                    "value": "-encodedarguments"
                }
            ]
        ]
    }
}