{
    "6fb1b31b-d3d4-4a98-a175-229337c764ea": {
        "name": "Suspicious COMSysApp Detection",
        "category": "Custom",
        "platforms": [
            "win"
        ],
        "presence": [
            [
                {
                    "operator": "contains",
                    "token": "processEvent/processCmdLine",
                    "type": "text",
                    "value": "svchost -k comsysapp"
                }
            ]
        ]
    }
}