{
    "4af4b2ac-a5a5-4c45-98ed-098a56581b71": {
        "name": "Suspicious CertUtil Activity",
        "uri_name": "4af4b2ac-a5a5-4c45-98ed-098a56581b71",
        "category": "Custom",
        "platforms": [
            "win"
        ],
        "presence": [
            [
                {
                    "operator": "matches",
                    "token": "processEvent/processCmdLine",
                    "type": "text",
                    "value": ".+\\.exe.+\\/urlcache \\/f http:\\/\\/"
                }
            ],
            [
                {
                    "operator": "matches",
                    "token": "processEvent/processCmdLine",
                    "type": "text",
                    "value": "certutil\\.exe -urlcache -f http:\\/\\/.+\\/.+\\.exe"
                }
            ],
            [
                {
                    "operator": "matches",
                    "token": "processEvent/processCmdLine",
                    "type": "text",
                    "value": "certutil\\.exe -urlcache -f http:\\/\\/.+\\/.+\\.exe .+\\.exe"
                }
            ],
            [
                {
                    "operator": "matches",
                    "token": "processEvent/processCmdLine",
                    "type": "text",
                    "value": "set u=url&&call C:\\\\.+\\\\.+\\.exe \\/%u%\\^c\\^a\\^c\\^h\\^e\\^ \\/f\\^"
                }
            ]
        ]
    }
}